
Microsoft Visual Studio Solution File, Format Version 12.00
# Visual Studio Version 16
VisualStudioVersion = 16.0.31410.357
MinimumVisualStudioVersion = 10.0.40219.1
Project("{FAE04EC0-301F-11D3-BF4B-00C04F79EFBC}") = "SVN", "SVN.csproj", "{70EEABFD-75AD-47CB-886A-39504B4A96E5}"
EndProject
Global
	GlobalSection(SolutionConfigurationPlatforms) = preSolution
		Debug|Any CPU = Debug|Any CPU
		Release|Any CPU = Release|Any CPU
	EndGlobalSection
	GlobalSection(ProjectConfigurationPlatforms) = postSolution
		{70EEABFD-75AD-47CB-886A-39504B4A96E5}.Debug|Any CPU.ActiveCfg = Debug|Any CPU
		{70EEABFD-75AD-47CB-886A-39504B4A96E5}.Debug|Any CPU.Build.0 = Debug|Any CPU
		{70EEABFD-75AD-47CB-886A-39504B4A96E5}.Release|Any CPU.ActiveCfg = Release|Any CPU
		{70EEABFD-75AD-47CB-886A-39504B4A96E5}.Release|Any CPU.Build.0 = Release|Any CPU
	EndGlobalSection
	GlobalSection(SolutionProperties) = preSolution
		HideSolutionNode = FALSE
	EndGlobalSection
	GlobalSection(ExtensibilityGlobals) = postSolution
		SolutionGuid = {26BDC597-FC5D-445F-B251-609D0C55ECC0}
	EndGlobalSection
EndGlobal
