
Microsoft Visual Studio Solution File, Format Version 12.00
# Visual Studio Version 16
VisualStudioVersion = 16.0.31410.357
MinimumVisualStudioVersion = 10.0.40219.1
Project("{FAE04EC0-301F-11D3-BF4B-00C04F79EFBC}") = "ExcelParser", "ExcelParser.csproj", "{4E58D80E-63AD-4D17-8A91-4E2E2E31B991}"
EndProject
Global
	GlobalSection(SolutionConfigurationPlatforms) = preSolution
		Debug|Any CPU = Debug|Any CPU
		Release|Any CPU = Release|Any CPU
	EndGlobalSection
	GlobalSection(ProjectConfigurationPlatforms) = postSolution
		{4E58D80E-63AD-4D17-8A91-4E2E2E31B991}.Debug|Any CPU.ActiveCfg = Debug|Any CPU
		{4E58D80E-63AD-4D17-8A91-4E2E2E31B991}.Debug|Any CPU.Build.0 = Debug|Any CPU
		{4E58D80E-63AD-4D17-8A91-4E2E2E31B991}.Release|Any CPU.ActiveCfg = Release|Any CPU
		{4E58D80E-63AD-4D17-8A91-4E2E2E31B991}.Release|Any CPU.Build.0 = Release|Any CPU
	EndGlobalSection
	GlobalSection(SolutionProperties) = preSolution
		HideSolutionNode = FALSE
	EndGlobalSection
	GlobalSection(ExtensibilityGlobals) = postSolution
		SolutionGuid = {DC795D95-219C-4F26-A02C-625B6A996E25}
	EndGlobalSection
EndGlobal
