
Microsoft Visual Studio Solution File, Format Version 12.00
# Visual Studio Version 17
VisualStudioVersion = 17.6.33723.286
MinimumVisualStudioVersion = 10.0.40219.1
Project("{9A19103F-16F7-4668-BE54-9A1E7A4F7556}") = "ExcelExporterUI", "ExcelExporterUI.csproj", "{B97390B3-58E9-4AED-A495-64F181EEDADC}"
EndProject
Project("{9A19103F-16F7-4668-BE54-9A1E7A4F7556}") = "SVN", "..\SVN\SVN.csproj", "{9EE063E7-59B6-499B-B980-1C7664B0525A}"
EndProject
Project("{9A19103F-16F7-4668-BE54-9A1E7A4F7556}") = "ExcelExporter", "..\ExcelExporter\ExcelExporter.csproj", "{A9FCC7EC-1ACE-44B0-9197-0617629BDFE0}"
EndProject
Project("{9A19103F-16F7-4668-BE54-9A1E7A4F7556}") = "CSharpOperator", "..\CSharpOperator\CSharpOperator.csproj", "{DFC177D5-8642-48C9-AD67-EE8C94980A8F}"
EndProject
Project("{9A19103F-16F7-4668-BE54-9A1E7A4F7556}") = "CppOperator", "..\CppOperator\CppOperator.csproj", "{BBE8E493-09CA-4438-8C09-3F5865397CA4}"
EndProject
Project("{9A19103F-16F7-4668-BE54-9A1E7A4F7556}") = "BinaryOperator", "..\BinaryOperator\BinaryOperator.csproj", "{81049660-3243-4E85-BB52-F4E60E64F5E3}"
EndProject
Global
	GlobalSection(SolutionConfigurationPlatforms) = preSolution
		Debug|Any CPU = Debug|Any CPU
		Release|Any CPU = Release|Any CPU
	EndGlobalSection
	GlobalSection(ProjectConfigurationPlatforms) = postSolution
		{B97390B3-58E9-4AED-A495-64F181EEDADC}.Debug|Any CPU.ActiveCfg = Debug|Any CPU
		{B97390B3-58E9-4AED-A495-64F181EEDADC}.Debug|Any CPU.Build.0 = Debug|Any CPU
		{B97390B3-58E9-4AED-A495-64F181EEDADC}.Release|Any CPU.ActiveCfg = Release|Any CPU
		{B97390B3-58E9-4AED-A495-64F181EEDADC}.Release|Any CPU.Build.0 = Release|Any CPU
		{9EE063E7-59B6-499B-B980-1C7664B0525A}.Debug|Any CPU.ActiveCfg = Debug|Any CPU
		{9EE063E7-59B6-499B-B980-1C7664B0525A}.Debug|Any CPU.Build.0 = Debug|Any CPU
		{9EE063E7-59B6-499B-B980-1C7664B0525A}.Release|Any CPU.ActiveCfg = Release|Any CPU
		{9EE063E7-59B6-499B-B980-1C7664B0525A}.Release|Any CPU.Build.0 = Release|Any CPU
		{A9FCC7EC-1ACE-44B0-9197-0617629BDFE0}.Debug|Any CPU.ActiveCfg = Debug|Any CPU
		{A9FCC7EC-1ACE-44B0-9197-0617629BDFE0}.Debug|Any CPU.Build.0 = Debug|Any CPU
		{A9FCC7EC-1ACE-44B0-9197-0617629BDFE0}.Release|Any CPU.ActiveCfg = Release|Any CPU
		{A9FCC7EC-1ACE-44B0-9197-0617629BDFE0}.Release|Any CPU.Build.0 = Release|Any CPU
		{DFC177D5-8642-48C9-AD67-EE8C94980A8F}.Debug|Any CPU.ActiveCfg = Debug|Any CPU
		{DFC177D5-8642-48C9-AD67-EE8C94980A8F}.Debug|Any CPU.Build.0 = Debug|Any CPU
		{DFC177D5-8642-48C9-AD67-EE8C94980A8F}.Release|Any CPU.ActiveCfg = Release|Any CPU
		{DFC177D5-8642-48C9-AD67-EE8C94980A8F}.Release|Any CPU.Build.0 = Release|Any CPU
		{BBE8E493-09CA-4438-8C09-3F5865397CA4}.Debug|Any CPU.ActiveCfg = Debug|Any CPU
		{BBE8E493-09CA-4438-8C09-3F5865397CA4}.Debug|Any CPU.Build.0 = Debug|Any CPU
		{BBE8E493-09CA-4438-8C09-3F5865397CA4}.Release|Any CPU.ActiveCfg = Release|Any CPU
		{BBE8E493-09CA-4438-8C09-3F5865397CA4}.Release|Any CPU.Build.0 = Release|Any CPU
		{81049660-3243-4E85-BB52-F4E60E64F5E3}.Debug|Any CPU.ActiveCfg = Debug|Any CPU
		{81049660-3243-4E85-BB52-F4E60E64F5E3}.Debug|Any CPU.Build.0 = Debug|Any CPU
		{81049660-3243-4E85-BB52-F4E60E64F5E3}.Release|Any CPU.ActiveCfg = Release|Any CPU
		{81049660-3243-4E85-BB52-F4E60E64F5E3}.Release|Any CPU.Build.0 = Release|Any CPU
	EndGlobalSection
	GlobalSection(SolutionProperties) = preSolution
		HideSolutionNode = FALSE
	EndGlobalSection
	GlobalSection(ExtensibilityGlobals) = postSolution
		SolutionGuid = {84FDCEC8-0EFA-49A8-9D08-89F7B1BDEA2F}
	EndGlobalSection
EndGlobal
